
Microsoft Visual Studio Solution File, Format Version 12.00
# Visual Studio Express 15 for Windows Desktop
VisualStudioVersion = 15.0.35431.46
MinimumVisualStudioVersion = 10.0.40219.1
Project("{FAE04EC0-301F-11D3-BF4B-00C04F79EFBC}") = "ObjectRemoverProject", "ObjectRemoverProject\ObjectRemoverProject.csproj", "{665B87A6-409A-43C1-8F7F-5BB6430A9CBB}"
EndProject
Global
	GlobalSection(SolutionConfigurationPlatforms) = preSolution
		Debug|Any CPU = Debug|Any CPU
		Release|Any CPU = Release|Any CPU
	EndGlobalSection
	GlobalSection(ProjectConfigurationPlatforms) = postSolution
		{665B87A6-409A-43C1-8F7F-5BB6430A9CBB}.Debug|Any CPU.ActiveCfg = Debug|Any CPU
		{665B87A6-409A-43C1-8F7F-5BB6430A9CBB}.Debug|Any CPU.Build.0 = Debug|Any CPU
		{665B87A6-409A-43C1-8F7F-5BB6430A9CBB}.Release|Any CPU.ActiveCfg = Release|Any CPU
		{665B87A6-409A-43C1-8F7F-5BB6430A9CBB}.Release|Any CPU.Build.0 = Release|Any CPU
	EndGlobalSection
	GlobalSection(SolutionProperties) = preSolution
		HideSolutionNode = FALSE
	EndGlobalSection
	GlobalSection(ExtensibilityGlobals) = postSolution
		SolutionGuid = {43D3D60E-4EAB-4B32-A8E4-F5FC826EB96E}
	EndGlobalSection
EndGlobal
